// !$*UTF8*$!
{
	archiveVersion = 1;
	classes = {
	};
	objectVersion = 56;
	objects = {

/* Begin PBXBuildFile section */
		E2990DCB2B676AED00FBF23D /* LTKLiteApp.swift in Sources */ = {isa = PBXBuildFile; fileRef = E2990DCA2B676AED00FBF23D /* LTKLiteApp.swift */; };
		E2990DCD2B676AED00FBF23D /* ContentView.swift in Sources */ = {isa = PBXBuildFile; fileRef = E2990DCC2B676AED00FBF23D /* ContentView.swift */; };
		E2990DCF2B676AF000FBF23D /* Assets.xcassets in Resources */ = {isa = PBXBuildFile; fileRef = E2990DCE2B676AF000FBF23D /* Assets.xcassets */; };
		E2990DD22B676AF000FBF23D /* Preview Assets.xcassets in Resources */ = {isa = PBXBuildFile; fileRef = E2990DD12B676AF000FBF23D /* Preview Assets.xcassets */; };
		E2990DDC2B676AF000FBF23D /* LTKLiteTests.swift in Sources */ = {isa = PBXBuildFile; fileRef = E2990DDB2B676AF000FBF23D /* LTKLiteTests.swift */; };
		E2990DE62B676AF000FBF23D /* LTKLiteUITests.swift in Sources */ = {isa = PBXBuildFile; fileRef = E2990DE52B676AF000FBF23D /* LTKLiteUITests.swift */; };
		E2990DE82B676AF000FBF23D /* LTKLiteUITestsLaunchTests.swift in Sources */ = {isa = PBXBuildFile; fileRef = E2990DE72B676AF000FBF23D /* LTKLiteUITestsLaunchTests.swift */; };
		E2990DF62B676D5900FBF23D /* Network.swift in Sources */ = {isa = PBXBuildFile; fileRef = E2990DF52B676D5900FBF23D /* Network.swift */; };
		E2990DF82B676D6A00FBF23D /* NetworkService.swift in Sources */ = {isa = PBXBuildFile; fileRef = E2990DF72B676D6A00FBF23D /* NetworkService.swift */; };
		E2990DFA2B676D7A00FBF23D /* NetworkTarget.swift in Sources */ = {isa = PBXBuildFile; fileRef = E2990DF92B676D7A00FBF23D /* NetworkTarget.swift */; };
		E2990DFC2B676D8400FBF23D /* NetworkError.swift in Sources */ = {isa = PBXBuildFile; fileRef = E2990DFB2B676D8400FBF23D /* NetworkError.swift */; };
		E2990DFE2B676D9100FBF23D /* HTTPMethod.swift in Sources */ = {isa = PBXBuildFile; fileRef = E2990DFD2B676D9100FBF23D /* HTTPMethod.swift */; };
		E2990E012B676F0500FBF23D /* ImageCache.swift in Sources */ = {isa = PBXBuildFile; fileRef = E2990E002B676F0500FBF23D /* ImageCache.swift */; };
		E2990E042B676FBD00FBF23D /* LTKModel.swift in Sources */ = {isa = PBXBuildFile; fileRef = E2990E032B676FBD00FBF23D /* LTKModel.swift */; };
		E2990E062B676FE800FBF23D /* Product.swift in Sources */ = {isa = PBXBuildFile; fileRef = E2990E052B676FE800FBF23D /* Product.swift */; };
		E2990E082B67700100FBF23D /* Link.swift in Sources */ = {isa = PBXBuildFile; fileRef = E2990E072B67700100FBF23D /* Link.swift */; };
		E2990E0A2B67702800FBF23D /* Profile.swift in Sources */ = {isa = PBXBuildFile; fileRef = E2990E092B67702800FBF23D /* Profile.swift */; };
		E2990E0C2B67705900FBF23D /* Meta.swift in Sources */ = {isa = PBXBuildFile; fileRef = E2990E0B2B67705900FBF23D /* Meta.swift */; };
		E2990E0E2B67706900FBF23D /* Feed.swift in Sources */ = {isa = PBXBuildFile; fileRef = E2990E0D2B67706900FBF23D /* Feed.swift */; };
		E2990E102B67711100FBF23D /* ViewState.swift in Sources */ = {isa = PBXBuildFile; fileRef = E2990E0F2B67711100FBF23D /* ViewState.swift */; };
		E2990E122B67712A00FBF23D /* ViewModel.swift in Sources */ = {isa = PBXBuildFile; fileRef = E2990E112B67712A00FBF23D /* ViewModel.swift */; };
		E2990E152B6771B300FBF23D /* FeedViewModel.swift in Sources */ = {isa = PBXBuildFile; fileRef = E2990E142B6771B300FBF23D /* FeedViewModel.swift */; };
		E2990E172B6771DF00FBF23D /* LTKViewData.swift in Sources */ = {isa = PBXBuildFile; fileRef = E2990E162B6771DF00FBF23D /* LTKViewData.swift */; };
		E2990E192B67720A00FBF23D /* FeedTarget.swift in Sources */ = {isa = PBXBuildFile; fileRef = E2990E182B67720A00FBF23D /* FeedTarget.swift */; };
		E2990E1D2B67724800FBF23D /* FeeedGridView.swift in Sources */ = {isa = PBXBuildFile; fileRef = E2990E1C2B67724800FBF23D /* FeeedGridView.swift */; };
		E2990E1F2B67728100FBF23D /* FeedView.swift in Sources */ = {isa = PBXBuildFile; fileRef = E2990E1E2B67728100FBF23D /* FeedView.swift */; };
/* End PBXBuildFile section */

/* Begin PBXContainerItemProxy section */
		E2990DD82B676AF000FBF23D /* PBXContainerItemProxy */ = {
			isa = PBXContainerItemProxy;
			containerPortal = E2990DBF2B676AED00FBF23D /* Project object */;
			proxyType = 1;
			remoteGlobalIDString = E2990DC62B676AED00FBF23D;
			remoteInfo = LTKLite;
		};
		E2990DE22B676AF000FBF23D /* PBXContainerItemProxy */ = {
			isa = PBXContainerItemProxy;
			containerPortal = E2990DBF2B676AED00FBF23D /* Project object */;
			proxyType = 1;
			remoteGlobalIDString = E2990DC62B676AED00FBF23D;
			remoteInfo = LTKLite;
		};
/* End PBXContainerItemProxy section */

/* Begin PBXFileReference section */
		E2990DC72B676AED00FBF23D /* LTKLite.app */ = {isa = PBXFileReference; explicitFileType = wrapper.application; includeInIndex = 0; path = LTKLite.app; sourceTree = BUILT_PRODUCTS_DIR; };
		E2990DCA2B676AED00FBF23D /* LTKLiteApp.swift */ = {isa = PBXFileReference; lastKnownFileType = sourcecode.swift; path = LTKLiteApp.swift; sourceTree = "<group>"; };
		E2990DCC2B676AED00FBF23D /* ContentView.swift */ = {isa = PBXFileReference; lastKnownFileType = sourcecode.swift; path = ContentView.swift; sourceTree = "<group>"; };
		E2990DCE2B676AF000FBF23D /* Assets.xcassets */ = {isa = PBXFileReference; lastKnownFileType = folder.assetcatalog; path = Assets.xcassets; sourceTree = "<group>"; };
		E2990DD12B676AF000FBF23D /* Preview Assets.xcassets */ = {isa = PBXFileReference; lastKnownFileType = folder.assetcatalog; path = "Preview Assets.xcassets"; sourceTree = "<group>"; };
		E2990DD72B676AF000FBF23D /* LTKLiteTests.xctest */ = {isa = PBXFileReference; explicitFileType = wrapper.cfbundle; includeInIndex = 0; path = LTKLiteTests.xctest; sourceTree = BUILT_PRODUCTS_DIR; };
		E2990DDB2B676AF000FBF23D /* LTKLiteTests.swift */ = {isa = PBXFileReference; lastKnownFileType = sourcecode.swift; path = LTKLiteTests.swift; sourceTree = "<group>"; };
		E2990DE12B676AF000FBF23D /* LTKLiteUITests.xctest */ = {isa = PBXFileReference; explicitFileType = wrapper.cfbundle; includeInIndex = 0; path = LTKLiteUITests.xctest; sourceTree = BUILT_PRODUCTS_DIR; };
		E2990DE52B676AF000FBF23D /* LTKLiteUITests.swift */ = {isa = PBXFileReference; lastKnownFileType = sourcecode.swift; path = LTKLiteUITests.swift; sourceTree = "<group>"; };
		E2990DE72B676AF000FBF23D /* LTKLiteUITestsLaunchTests.swift */ = {isa = PBXFileReference; lastKnownFileType = sourcecode.swift; path = LTKLiteUITestsLaunchTests.swift; sourceTree = "<group>"; };
		E2990DF52B676D5900FBF23D /* Network.swift */ = {isa = PBXFileReference; lastKnownFileType = sourcecode.swift; path = Network.swift; sourceTree = "<group>"; };
		E2990DF72B676D6A00FBF23D /* NetworkService.swift */ = {isa = PBXFileReference; lastKnownFileType = sourcecode.swift; path = NetworkService.swift; sourceTree = "<group>"; };
		E2990DF92B676D7A00FBF23D /* NetworkTarget.swift */ = {isa = PBXFileReference; lastKnownFileType = sourcecode.swift; path = NetworkTarget.swift; sourceTree = "<group>"; };
		E2990DFB2B676D8400FBF23D /* NetworkError.swift */ = {isa = PBXFileReference; lastKnownFileType = sourcecode.swift; path = NetworkError.swift; sourceTree = "<group>"; };
		E2990DFD2B676D9100FBF23D /* HTTPMethod.swift */ = {isa = PBXFileReference; lastKnownFileType = sourcecode.swift; path = HTTPMethod.swift; sourceTree = "<group>"; };
		E2990E002B676F0500FBF23D /* ImageCache.swift */ = {isa = PBXFileReference; lastKnownFileType = sourcecode.swift; path = ImageCache.swift; sourceTree = "<group>"; };
		E2990E032B676FBD00FBF23D /* LTKModel.swift */ = {isa = PBXFileReference; lastKnownFileType = sourcecode.swift; path = LTKModel.swift; sourceTree = "<group>"; };
		E2990E052B676FE800FBF23D /* Product.swift */ = {isa = PBXFileReference; lastKnownFileType = sourcecode.swift; path = Product.swift; sourceTree = "<group>"; };
		E2990E072B67700100FBF23D /* Link.swift */ = {isa = PBXFileReference; lastKnownFileType = sourcecode.swift; path = Link.swift; sourceTree = "<group>"; };
		E2990E092B67702800FBF23D /* Profile.swift */ = {isa = PBXFileReference; lastKnownFileType = sourcecode.swift; path = Profile.swift; sourceTree = "<group>"; };
		E2990E0B2B67705900FBF23D /* Meta.swift */ = {isa = PBXFileReference; lastKnownFileType = sourcecode.swift; path = Meta.swift; sourceTree = "<group>"; };
		E2990E0D2B67706900FBF23D /* Feed.swift */ = {isa = PBXFileReference; lastKnownFileType = sourcecode.swift; path = Feed.swift; sourceTree = "<group>"; };
		E2990E0F2B67711100FBF23D /* ViewState.swift */ = {isa = PBXFileReference; lastKnownFileType = sourcecode.swift; path = ViewState.swift; sourceTree = "<group>"; };
		E2990E112B67712A00FBF23D /* ViewModel.swift */ = {isa = PBXFileReference; lastKnownFileType = sourcecode.swift; path = ViewModel.swift; sourceTree = "<group>"; };
		E2990E142B6771B300FBF23D /* FeedViewModel.swift */ = {isa = PBXFileReference; lastKnownFileType = sourcecode.swift; path = FeedViewModel.swift; sourceTree = "<group>"; };
		E2990E162B6771DF00FBF23D /* LTKViewData.swift */ = {isa = PBXFileReference; lastKnownFileType = sourcecode.swift; path = LTKViewData.swift; sourceTree = "<group>"; };
		E2990E182B67720A00FBF23D /* FeedTarget.swift */ = {isa = PBXFileReference; lastKnownFileType = sourcecode.swift; path = FeedTarget.swift; sourceTree = "<group>"; };
		E2990E1C2B67724800FBF23D /* FeeedGridView.swift */ = {isa = PBXFileReference; lastKnownFileType = sourcecode.swift; path = FeeedGridView.swift; sourceTree = "<group>"; };
		E2990E1E2B67728100FBF23D /* FeedView.swift */ = {isa = PBXFileReference; lastKnownFileType = sourcecode.swift; path = FeedView.swift; sourceTree = "<group>"; };
/* End PBXFileReference section */

/* Begin PBXFrameworksBuildPhase section */
		E2990DC42B676AED00FBF23D /* Frameworks */ = {
			isa = PBXFrameworksBuildPhase;
			buildActionMask = 2147483647;
			files = (
			);
			runOnlyForDeploymentPostprocessing = 0;
		};
		E2990DD42B676AF000FBF23D /* Frameworks */ = {
			isa = PBXFrameworksBuildPhase;
			buildActionMask = 2147483647;
			files = (
			);
			runOnlyForDeploymentPostprocessing = 0;
		};
		E2990DDE2B676AF000FBF23D /* Frameworks */ = {
			isa = PBXFrameworksBuildPhase;
			buildActionMask = 2147483647;
			files = (
			);
			runOnlyForDeploymentPostprocessing = 0;
		};
/* End PBXFrameworksBuildPhase section */

/* Begin PBXGroup section */
		E2990DBE2B676AED00FBF23D = {
			isa = PBXGroup;
			children = (
				E2990DC92B676AED00FBF23D /* LTKLite */,
				E2990DDA2B676AF000FBF23D /* LTKLiteTests */,
				E2990DE42B676AF000FBF23D /* LTKLiteUITests */,
				E2990DC82B676AED00FBF23D /* Products */,
			);
			sourceTree = "<group>";
		};
		E2990DC82B676AED00FBF23D /* Products */ = {
			isa = PBXGroup;
			children = (
				E2990DC72B676AED00FBF23D /* LTKLite.app */,
				E2990DD72B676AF000FBF23D /* LTKLiteTests.xctest */,
				E2990DE12B676AF000FBF23D /* LTKLiteUITests.xctest */,
			);
			name = Products;
			sourceTree = "<group>";
		};
		E2990DC92B676AED00FBF23D /* LTKLite */ = {
			isa = PBXGroup;
			children = (
				E2990E132B67719700FBF23D /* FeedFlow */,
				E2990E022B676F9800FBF23D /* Model */,
				E2990DFF2B676EED00FBF23D /* Utility */,
				E2990DF42B676D2E00FBF23D /* Network */,
				E2990DCA2B676AED00FBF23D /* LTKLiteApp.swift */,
				E2990DCC2B676AED00FBF23D /* ContentView.swift */,
				E2990DCE2B676AF000FBF23D /* Assets.xcassets */,
				E2990DD02B676AF000FBF23D /* Preview Content */,
			);
			path = LTKLite;
			sourceTree = "<group>";
		};
		E2990DD02B676AF000FBF23D /* Preview Content */ = {
			isa = PBXGroup;
			children = (
				E2990DD12B676AF000FBF23D /* Preview Assets.xcassets */,
			);
			path = "Preview Content";
			sourceTree = "<group>";
		};
		E2990DDA2B676AF000FBF23D /* LTKLiteTests */ = {
			isa = PBXGroup;
			children = (
				E2990DDB2B676AF000FBF23D /* LTKLiteTests.swift */,
			);
			path = LTKLiteTests;
			sourceTree = "<group>";
		};
		E2990DE42B676AF000FBF23D /* LTKLiteUITests */ = {
			isa = PBXGroup;
			children = (
				E2990DE52B676AF000FBF23D /* LTKLiteUITests.swift */,
				E2990DE72B676AF000FBF23D /* LTKLiteUITestsLaunchTests.swift */,
			);
			path = LTKLiteUITests;
			sourceTree = "<group>";
		};
		E2990DF42B676D2E00FBF23D /* Network */ = {
			isa = PBXGroup;
			children = (
				E2990DF52B676D5900FBF23D /* Network.swift */,
				E2990DF72B676D6A00FBF23D /* NetworkService.swift */,
				E2990DF92B676D7A00FBF23D /* NetworkTarget.swift */,
				E2990DFB2B676D8400FBF23D /* NetworkError.swift */,
				E2990DFD2B676D9100FBF23D /* HTTPMethod.swift */,
			);
			path = Network;
			sourceTree = "<group>";
		};
		E2990DFF2B676EED00FBF23D /* Utility */ = {
			isa = PBXGroup;
			children = (
				E2990E002B676F0500FBF23D /* ImageCache.swift */,
				E2990E0F2B67711100FBF23D /* ViewState.swift */,
				E2990E112B67712A00FBF23D /* ViewModel.swift */,
			);
			path = Utility;
			sourceTree = "<group>";
		};
		E2990E022B676F9800FBF23D /* Model */ = {
			isa = PBXGroup;
			children = (
				E2990E032B676FBD00FBF23D /* LTKModel.swift */,
				E2990E052B676FE800FBF23D /* Product.swift */,
				E2990E072B67700100FBF23D /* Link.swift */,
				E2990E092B67702800FBF23D /* Profile.swift */,
				E2990E0B2B67705900FBF23D /* Meta.swift */,
				E2990E0D2B67706900FBF23D /* Feed.swift */,
			);
			path = Model;
			sourceTree = "<group>";
		};
		E2990E132B67719700FBF23D /* FeedFlow */ = {
			isa = PBXGroup;
			children = (
				E2990E142B6771B300FBF23D /* FeedViewModel.swift */,
				E2990E162B6771DF00FBF23D /* LTKViewData.swift */,
				E2990E182B67720A00FBF23D /* FeedTarget.swift */,
				E2990E1C2B67724800FBF23D /* FeeedGridView.swift */,
				E2990E1E2B67728100FBF23D /* FeedView.swift */,
			);
			path = FeedFlow;
			sourceTree = "<group>";
		};
/* End PBXGroup section */

/* Begin PBXNativeTarget section */
		E2990DC62B676AED00FBF23D /* LTKLite */ = {
			isa = PBXNativeTarget;
			buildConfigurationList = E2990DEB2B676AF000FBF23D /* Build configuration list for PBXNativeTarget "LTKLite" */;
			buildPhases = (
				E2990DC32B676AED00FBF23D /* Sources */,
				E2990DC42B676AED00FBF23D /* Frameworks */,
				E2990DC52B676AED00FBF23D /* Resources */,
			);
			buildRules = (
			);
			dependencies = (
			);
			name = LTKLite;
			productName = LTKLite;
			productReference = E2990DC72B676AED00FBF23D /* LTKLite.app */;
			productType = "com.apple.product-type.application";
		};
		E2990DD62B676AF000FBF23D /* LTKLiteTests */ = {
			isa = PBXNativeTarget;
			buildConfigurationList = E2990DEE2B676AF000FBF23D /* Build configuration list for PBXNativeTarget "LTKLiteTests" */;
			buildPhases = (
				E2990DD32B676AF000FBF23D /* Sources */,
				E2990DD42B676AF000FBF23D /* Frameworks */,
				E2990DD52B676AF000FBF23D /* Resources */,
			);
			buildRules = (
			);
			dependencies = (
				E2990DD92B676AF000FBF23D /* PBXTargetDependency */,
			);
			name = LTKLiteTests;
			productName = LTKLiteTests;
			productReference = E2990DD72B676AF000FBF23D /* LTKLiteTests.xctest */;
			productType = "com.apple.product-type.bundle.unit-test";
		};
		E2990DE02B676AF000FBF23D /* LTKLiteUITests */ = {
			isa = PBXNativeTarget;
			buildConfigurationList = E2990DF12B676AF000FBF23D /* Build configuration list for PBXNativeTarget "LTKLiteUITests" */;
			buildPhases = (
				E2990DDD2B676AF000FBF23D /* Sources */,
				E2990DDE2B676AF000FBF23D /* Frameworks */,
				E2990DDF2B676AF000FBF23D /* Resources */,
			);
			buildRules = (
			);
			dependencies = (
				E2990DE32B676AF000FBF23D /* PBXTargetDependency */,
			);
			name = LTKLiteUITests;
			productName = LTKLiteUITests;
			productReference = E2990DE12B676AF000FBF23D /* LTKLiteUITests.xctest */;
			productType = "com.apple.product-type.bundle.ui-testing";
		};
/* End PBXNativeTarget section */

/* Begin PBXProject section */
		E2990DBF2B676AED00FBF23D /* Project object */ = {
			isa = PBXProject;
			attributes = {
				BuildIndependentTargetsInParallel = 1;
				LastSwiftUpdateCheck = 1520;
				LastUpgradeCheck = 1520;
				TargetAttributes = {
					E2990DC62B676AED00FBF23D = {
						CreatedOnToolsVersion = 15.2;
					};
					E2990DD62B676AF000FBF23D = {
						CreatedOnToolsVersion = 15.2;
						TestTargetID = E2990DC62B676AED00FBF23D;
					};
					E2990DE02B676AF000FBF23D = {
						CreatedOnToolsVersion = 15.2;
						TestTargetID = E2990DC62B676AED00FBF23D;
					};
				};
			};
			buildConfigurationList = E2990DC22B676AED00FBF23D /* Build configuration list for PBXProject "LTKLite" */;
			compatibilityVersion = "Xcode 14.0";
			developmentRegion = en;
			hasScannedForEncodings = 0;
			knownRegions = (
				en,
				Base,
			);
			mainGroup = E2990DBE2B676AED00FBF23D;
			productRefGroup = E2990DC82B676AED00FBF23D /* Products */;
			projectDirPath = "";
			projectRoot = "";
			targets = (
				E2990DC62B676AED00FBF23D /* LTKLite */,
				E2990DD62B676AF000FBF23D /* LTKLiteTests */,
				E2990DE02B676AF000FBF23D /* LTKLiteUITests */,
			);
		};
/* End PBXProject section */

/* Begin PBXResourcesBuildPhase section */
		E2990DC52B676AED00FBF23D /* Resources */ = {
			isa = PBXResourcesBuildPhase;
			buildActionMask = 2147483647;
			files = (
				E2990DD22B676AF000FBF23D /* Preview Assets.xcassets in Resources */,
				E2990DCF2B676AF000FBF23D /* Assets.xcassets in Resources */,
			);
			runOnlyForDeploymentPostprocessing = 0;
		};
		E2990DD52B676AF000FBF23D /* Resources */ = {
			isa = PBXResourcesBuildPhase;
			buildActionMask = 2147483647;
			files = (
			);
			runOnlyForDeploymentPostprocessing = 0;
		};
		E2990DDF2B676AF000FBF23D /* Resources */ = {
			isa = PBXResourcesBuildPhase;
			buildActionMask = 2147483647;
			files = (
			);
			runOnlyForDeploymentPostprocessing = 0;
		};
/* End PBXResourcesBuildPhase section */

/* Begin PBXSourcesBuildPhase section */
		E2990DC32B676AED00FBF23D /* Sources */ = {
			isa = PBXSourcesBuildPhase;
			buildActionMask = 2147483647;
			files = (
				E2990DCD2B676AED00FBF23D /* ContentView.swift in Sources */,
				E2990E152B6771B300FBF23D /* FeedViewModel.swift in Sources */,
				E2990E0A2B67702800FBF23D /* Profile.swift in Sources */,
				E2990E102B67711100FBF23D /* ViewState.swift in Sources */,
				E2990E172B6771DF00FBF23D /* LTKViewData.swift in Sources */,
				E2990DCB2B676AED00FBF23D /* LTKLiteApp.swift in Sources */,
				E2990E0E2B67706900FBF23D /* Feed.swift in Sources */,
				E2990E1F2B67728100FBF23D /* FeedView.swift in Sources */,
				E2990E012B676F0500FBF23D /* ImageCache.swift in Sources */,
				E2990E122B67712A00FBF23D /* ViewModel.swift in Sources */,
				E2990DFE2B676D9100FBF23D /* HTTPMethod.swift in Sources */,
				E2990E082B67700100FBF23D /* Link.swift in Sources */,
				E2990E042B676FBD00FBF23D /* LTKModel.swift in Sources */,
				E2990DF82B676D6A00FBF23D /* NetworkService.swift in Sources */,
				E2990DFC2B676D8400FBF23D /* NetworkError.swift in Sources */,
				E2990E062B676FE800FBF23D /* Product.swift in Sources */,
				E2990E192B67720A00FBF23D /* FeedTarget.swift in Sources */,
				E2990E1D2B67724800FBF23D /* FeeedGridView.swift in Sources */,
				E2990E0C2B67705900FBF23D /* Meta.swift in Sources */,
				E2990DF62B676D5900FBF23D /* Network.swift in Sources */,
				E2990DFA2B676D7A00FBF23D /* NetworkTarget.swift in Sources */,
			);
			runOnlyForDeploymentPostprocessing = 0;
		};
		E2990DD32B676AF000FBF23D /* Sources */ = {
			isa = PBXSourcesBuildPhase;
			buildActionMask = 2147483647;
			files = (
				E2990DDC2B676AF000FBF23D /* LTKLiteTests.swift in Sources */,
			);
			runOnlyForDeploymentPostprocessing = 0;
		};
		E2990DDD2B676AF000FBF23D /* Sources */ = {
			isa = PBXSourcesBuildPhase;
			buildActionMask = 2147483647;
			files = (
				E2990DE82B676AF000FBF23D /* LTKLiteUITestsLaunchTests.swift in Sources */,
				E2990DE62B676AF000FBF23D /* LTKLiteUITests.swift in Sources */,
			);
			runOnlyForDeploymentPostprocessing = 0;
		};
/* End PBXSourcesBuildPhase section */

/* Begin PBXTargetDependency section */
		E2990DD92B676AF000FBF23D /* PBXTargetDependency */ = {
			isa = PBXTargetDependency;
			target = E2990DC62B676AED00FBF23D /* LTKLite */;
			targetProxy = E2990DD82B676AF000FBF23D /* PBXContainerItemProxy */;
		};
		E2990DE32B676AF000FBF23D /* PBXTargetDependency */ = {
			isa = PBXTargetDependency;
			target = E2990DC62B676AED00FBF23D /* LTKLite */;
			targetProxy = E2990DE22B676AF000FBF23D /* PBXContainerItemProxy */;
		};
/* End PBXTargetDependency section */

/* Begin XCBuildConfiguration section */
		E2990DE92B676AF000FBF23D /* Debug */ = {
			isa = XCBuildConfiguration;
			buildSettings = {
				ALWAYS_SEARCH_USER_PATHS = NO;
				ASSETCATALOG_COMPILER_GENERATE_SWIFT_ASSET_SYMBOL_EXTENSIONS = YES;
				CLANG_ANALYZER_NONNULL = YES;
				CLANG_ANALYZER_NUMBER_OBJECT_CONVERSION = YES_AGGRESSIVE;
				CLANG_CXX_LANGUAGE_STANDARD = "gnu++20";
				CLANG_ENABLE_MODULES = YES;
				CLANG_ENABLE_OBJC_ARC = YES;
				CLANG_ENABLE_OBJC_WEAK = YES;
				CLANG_WARN_BLOCK_CAPTURE_AUTORELEASING = YES;
				CLANG_WARN_BOOL_CONVERSION = YES;
				CLANG_WARN_COMMA = YES;
				CLANG_WARN_CONSTANT_CONVERSION = YES;
				CLANG_WARN_DEPRECATED_OBJC_IMPLEMENTATIONS = YES;
				CLANG_WARN_DIRECT_OBJC_ISA_USAGE = YES_ERROR;
				CLANG_WARN_DOCUMENTATION_COMMENTS = YES;
				CLANG_WARN_EMPTY_BODY = YES;
				CLANG_WARN_ENUM_CONVERSION = YES;
				CLANG_WARN_INFINITE_RECURSION = YES;
				CLANG_WARN_INT_CONVERSION = YES;
				CLANG_WARN_NON_LITERAL_NULL_CONVERSION = YES;
				CLANG_WARN_OBJC_IMPLICIT_RETAIN_SELF = YES;
				CLANG_WARN_OBJC_LITERAL_CONVERSION = YES;
				CLANG_WARN_OBJC_ROOT_CLASS = YES_ERROR;
				CLANG_WARN_QUOTED_INCLUDE_IN_FRAMEWORK_HEADER = YES;
				CLANG_WARN_RANGE_LOOP_ANALYSIS = YES;
				CLANG_WARN_STRICT_PROTOTYPES = YES;
				CLANG_WARN_SUSPICIOUS_MOVE = YES;
				CLANG_WARN_UNGUARDED_AVAILABILITY = YES_AGGRESSIVE;
				CLANG_WARN_UNREACHABLE_CODE = YES;
				CLANG_WARN__DUPLICATE_METHOD_MATCH = YES;
				COPY_PHASE_STRIP = NO;
				DEBUG_INFORMATION_FORMAT = dwarf;
				ENABLE_STRICT_OBJC_MSGSEND = YES;
				ENABLE_TESTABILITY = YES;
				ENABLE_USER_SCRIPT_SANDBOXING = YES;
				GCC_C_LANGUAGE_STANDARD = gnu17;
				GCC_DYNAMIC_NO_PIC = NO;
				GCC_NO_COMMON_BLOCKS = YES;
				GCC_OPTIMIZATION_LEVEL = 0;
				GCC_PREPROCESSOR_DEFINITIONS = (
					"DEBUG=1",
					"$(inherited)",
				);
				GCC_WARN_64_TO_32_BIT_CONVERSION = YES;
				GCC_WARN_ABOUT_RETURN_TYPE = YES_ERROR;
				GCC_WARN_UNDECLARED_SELECTOR = YES;
				GCC_WARN_UNINITIALIZED_AUTOS = YES_AGGRESSIVE;
				GCC_WARN_UNUSED_FUNCTION = YES;
				GCC_WARN_UNUSED_VARIABLE = YES;
				IPHONEOS_DEPLOYMENT_TARGET = 17.2;
				LOCALIZATION_PREFERS_STRING_CATALOGS = YES;
				MTL_ENABLE_DEBUG_INFO = INCLUDE_SOURCE;
				MTL_FAST_MATH = YES;
				ONLY_ACTIVE_ARCH = YES;
				SDKROOT = iphoneos;
				SWIFT_ACTIVE_COMPILATION_CONDITIONS = "DEBUG $(inherited)";
				SWIFT_OPTIMIZATION_LEVEL = "-Onone";
			};
			name = Debug;
		};
		E2990DEA2B676AF000FBF23D /* Release */ = {
			isa = XCBuildConfiguration;
			buildSettings = {
				ALWAYS_SEARCH_USER_PATHS = NO;
				ASSETCATALOG_COMPILER_GENERATE_SWIFT_ASSET_SYMBOL_EXTENSIONS = YES;
				CLANG_ANALYZER_NONNULL = YES;
				CLANG_ANALYZER_NUMBER_OBJECT_CONVERSION = YES_AGGRESSIVE;
				CLANG_CXX_LANGUAGE_STANDARD = "gnu++20";
				CLANG_ENABLE_MODULES = YES;
				CLANG_ENABLE_OBJC_ARC = YES;
				CLANG_ENABLE_OBJC_WEAK = YES;
				CLANG_WARN_BLOCK_CAPTURE_AUTORELEASING = YES;
				CLANG_WARN_BOOL_CONVERSION = YES;
				CLANG_WARN_COMMA = YES;
				CLANG_WARN_CONSTANT_CONVERSION = YES;
				CLANG_WARN_DEPRECATED_OBJC_IMPLEMENTATIONS = YES;
				CLANG_WARN_DIRECT_OBJC_ISA_USAGE = YES_ERROR;
				CLANG_WARN_DOCUMENTATION_COMMENTS = YES;
				CLANG_WARN_EMPTY_BODY = YES;
				CLANG_WARN_ENUM_CONVERSION = YES;
				CLANG_WARN_INFINITE_RECURSION = YES;
				CLANG_WARN_INT_CONVERSION = YES;
				CLANG_WARN_NON_LITERAL_NULL_CONVERSION = YES;
				CLANG_WARN_OBJC_IMPLICIT_RETAIN_SELF = YES;
				CLANG_WARN_OBJC_LITERAL_CONVERSION = YES;
				CLANG_WARN_OBJC_ROOT_CLASS = YES_ERROR;
				CLANG_WARN_QUOTED_INCLUDE_IN_FRAMEWORK_HEADER = YES;
				CLANG_WARN_RANGE_LOOP_ANALYSIS = YES;
				CLANG_WARN_STRICT_PROTOTYPES = YES;
				CLANG_WARN_SUSPICIOUS_MOVE = YES;
				CLANG_WARN_UNGUARDED_AVAILABILITY = YES_AGGRESSIVE;
				CLANG_WARN_UNREACHABLE_CODE = YES;
				CLANG_WARN__DUPLICATE_METHOD_MATCH = YES;
				COPY_PHASE_STRIP = NO;
				DEBUG_INFORMATION_FORMAT = "dwarf-with-dsym";
				ENABLE_NS_ASSERTIONS = NO;
				ENABLE_STRICT_OBJC_MSGSEND = YES;
				ENABLE_USER_SCRIPT_SANDBOXING = YES;
				GCC_C_LANGUAGE_STANDARD = gnu17;
				GCC_NO_COMMON_BLOCKS = YES;
				GCC_WARN_64_TO_32_BIT_CONVERSION = YES;
				GCC_WARN_ABOUT_RETURN_TYPE = YES_ERROR;
				GCC_WARN_UNDECLARED_SELECTOR = YES;
				GCC_WARN_UNINITIALIZED_AUTOS = YES_AGGRESSIVE;
				GCC_WARN_UNUSED_FUNCTION = YES;
				GCC_WARN_UNUSED_VARIABLE = YES;
				IPHONEOS_DEPLOYMENT_TARGET = 17.2;
				LOCALIZATION_PREFERS_STRING_CATALOGS = YES;
				MTL_ENABLE_DEBUG_INFO = NO;
				MTL_FAST_MATH = YES;
				SDKROOT = iphoneos;
				SWIFT_COMPILATION_MODE = wholemodule;
				VALIDATE_PRODUCT = YES;
			};
			name = Release;
		};
		E2990DEC2B676AF000FBF23D /* Debug */ = {
			isa = XCBuildConfiguration;
			buildSettings = {
				ASSETCATALOG_COMPILER_APPICON_NAME = AppIcon;
				ASSETCATALOG_COMPILER_GLOBAL_ACCENT_COLOR_NAME = AccentColor;
				CODE_SIGN_STYLE = Automatic;
				CURRENT_PROJECT_VERSION = 1;
				DEVELOPMENT_ASSET_PATHS = "\"LTKLite/Preview Content\"";
				ENABLE_PREVIEWS = YES;
				GENERATE_INFOPLIST_FILE = YES;
				INFOPLIST_KEY_UIApplicationSceneManifest_Generation = YES;
				INFOPLIST_KEY_UIApplicationSupportsIndirectInputEvents = YES;
				INFOPLIST_KEY_UILaunchScreen_Generation = YES;
				INFOPLIST_KEY_UISupportedInterfaceOrientations_iPad = "UIInterfaceOrientationPortrait UIInterfaceOrientationPortraitUpsideDown UIInterfaceOrientationLandscapeLeft UIInterfaceOrientationLandscapeRight";
				INFOPLIST_KEY_UISupportedInterfaceOrientations_iPhone = "UIInterfaceOrientationPortrait UIInterfaceOrientationLandscapeLeft UIInterfaceOrientationLandscapeRight";
				LD_RUNPATH_SEARCH_PATHS = (
					"$(inherited)",
					"@executable_path/Frameworks",
				);
				MARKETING_VERSION = 1.0;
				PRODUCT_BUNDLE_IDENTIFIER = Mahbub.Ahmed.LTKLite;
				PRODUCT_NAME = "$(TARGET_NAME)";
				SWIFT_EMIT_LOC_STRINGS = YES;
				SWIFT_VERSION = 5.0;
				TARGETED_DEVICE_FAMILY = "1,2";
			};
			name = Debug;
		};
		E2990DED2B676AF000FBF23D /* Release */ = {
			isa = XCBuildConfiguration;
			buildSettings = {
				ASSETCATALOG_COMPILER_APPICON_NAME = AppIcon;
				ASSETCATALOG_COMPILER_GLOBAL_ACCENT_COLOR_NAME = AccentColor;
				CODE_SIGN_STYLE = Automatic;
				CURRENT_PROJECT_VERSION = 1;
				DEVELOPMENT_ASSET_PATHS = "\"LTKLite/Preview Content\"";
				ENABLE_PREVIEWS = YES;
				GENERATE_INFOPLIST_FILE = YES;
				INFOPLIST_KEY_UIApplicationSceneManifest_Generation = YES;
				INFOPLIST_KEY_UIApplicationSupportsIndirectInputEvents = YES;
				INFOPLIST_KEY_UILaunchScreen_Generation = YES;
				INFOPLIST_KEY_UISupportedInterfaceOrientations_iPad = "UIInterfaceOrientationPortrait UIInterfaceOrientationPortraitUpsideDown UIInterfaceOrientationLandscapeLeft UIInterfaceOrientationLandscapeRight";
				INFOPLIST_KEY_UISupportedInterfaceOrientations_iPhone = "UIInterfaceOrientationPortrait UIInterfaceOrientationLandscapeLeft UIInterfaceOrientationLandscapeRight";
				LD_RUNPATH_SEARCH_PATHS = (
					"$(inherited)",
					"@executable_path/Frameworks",
				);
				MARKETING_VERSION = 1.0;
				PRODUCT_BUNDLE_IDENTIFIER = Mahbub.Ahmed.LTKLite;
				PRODUCT_NAME = "$(TARGET_NAME)";
				SWIFT_EMIT_LOC_STRINGS = YES;
				SWIFT_VERSION = 5.0;
				TARGETED_DEVICE_FAMILY = "1,2";
			};
			name = Release;
		};
		E2990DEF2B676AF000FBF23D /* Debug */ = {
			isa = XCBuildConfiguration;
			buildSettings = {
				ALWAYS_EMBED_SWIFT_STANDARD_LIBRARIES = YES;
				BUNDLE_LOADER = "$(TEST_HOST)";
				CODE_SIGN_STYLE = Automatic;
				CURRENT_PROJECT_VERSION = 1;
				GENERATE_INFOPLIST_FILE = YES;
				IPHONEOS_DEPLOYMENT_TARGET = 17.2;
				MARKETING_VERSION = 1.0;
				PRODUCT_BUNDLE_IDENTIFIER = Mahbub.Ahmed.LTKLiteTests;
				PRODUCT_NAME = "$(TARGET_NAME)";
				SWIFT_EMIT_LOC_STRINGS = NO;
				SWIFT_VERSION = 5.0;
				TARGETED_DEVICE_FAMILY = "1,2";
				TEST_HOST = "$(BUILT_PRODUCTS_DIR)/LTKLite.app/$(BUNDLE_EXECUTABLE_FOLDER_PATH)/LTKLite";
			};
			name = Debug;
		};
		E2990DF02B676AF000FBF23D /* Release */ = {
			isa = XCBuildConfiguration;
			buildSettings = {
				ALWAYS_EMBED_SWIFT_STANDARD_LIBRARIES = YES;
				BUNDLE_LOADER = "$(TEST_HOST)";
				CODE_SIGN_STYLE = Automatic;
				CURRENT_PROJECT_VERSION = 1;
				GENERATE_INFOPLIST_FILE = YES;
				IPHONEOS_DEPLOYMENT_TARGET = 17.2;
				MARKETING_VERSION = 1.0;
				PRODUCT_BUNDLE_IDENTIFIER = Mahbub.Ahmed.LTKLiteTests;
				PRODUCT_NAME = "$(TARGET_NAME)";
				SWIFT_EMIT_LOC_STRINGS = NO;
				SWIFT_VERSION = 5.0;
				TARGETED_DEVICE_FAMILY = "1,2";
				TEST_HOST = "$(BUILT_PRODUCTS_DIR)/LTKLite.app/$(BUNDLE_EXECUTABLE_FOLDER_PATH)/LTKLite";
			};
			name = Release;
		};
		E2990DF22B676AF000FBF23D /* Debug */ = {
			isa = XCBuildConfiguration;
			buildSettings = {
				ALWAYS_EMBED_SWIFT_STANDARD_LIBRARIES = YES;
				CODE_SIGN_STYLE = Automatic;
				CURRENT_PROJECT_VERSION = 1;
				GENERATE_INFOPLIST_FILE = YES;
				MARKETING_VERSION = 1.0;
				PRODUCT_BUNDLE_IDENTIFIER = Mahbub.Ahmed.LTKLiteUITests;
				PRODUCT_NAME = "$(TARGET_NAME)";
				SWIFT_EMIT_LOC_STRINGS = NO;
				SWIFT_VERSION = 5.0;
				TARGETED_DEVICE_FAMILY = "1,2";
				TEST_TARGET_NAME = LTKLite;
			};
			name = Debug;
		};
		E2990DF32B676AF000FBF23D /* Release */ = {
			isa = XCBuildConfiguration;
			buildSettings = {
				ALWAYS_EMBED_SWIFT_STANDARD_LIBRARIES = YES;
				CODE_SIGN_STYLE = Automatic;
				CURRENT_PROJECT_VERSION = 1;
				GENERATE_INFOPLIST_FILE = YES;
				MARKETING_VERSION = 1.0;
				PRODUCT_BUNDLE_IDENTIFIER = Mahbub.Ahmed.LTKLiteUITests;
				PRODUCT_NAME = "$(TARGET_NAME)";
				SWIFT_EMIT_LOC_STRINGS = NO;
				SWIFT_VERSION = 5.0;
				TARGETED_DEVICE_FAMILY = "1,2";
				TEST_TARGET_NAME = LTKLite;
			};
			name = Release;
		};
/* End XCBuildConfiguration section */

/* Begin XCConfigurationList section */
		E2990DC22B676AED00FBF23D /* Build configuration list for PBXProject "LTKLite" */ = {
			isa = XCConfigurationList;
			buildConfigurations = (
				E2990DE92B676AF000FBF23D /* Debug */,
				E2990DEA2B676AF000FBF23D /* Release */,
			);
			defaultConfigurationIsVisible = 0;
			defaultConfigurationName = Release;
		};
		E2990DEB2B676AF000FBF23D /* Build configuration list for PBXNativeTarget "LTKLite" */ = {
			isa = XCConfigurationList;
			buildConfigurations = (
				E2990DEC2B676AF000FBF23D /* Debug */,
				E2990DED2B676AF000FBF23D /* Release */,
			);
			defaultConfigurationIsVisible = 0;
			defaultConfigurationName = Release;
		};
		E2990DEE2B676AF000FBF23D /* Build configuration list for PBXNativeTarget "LTKLiteTests" */ = {
			isa = XCConfigurationList;
			buildConfigurations = (
				E2990DEF2B676AF000FBF23D /* Debug */,
				E2990DF02B676AF000FBF23D /* Release */,
			);
			defaultConfigurationIsVisible = 0;
			defaultConfigurationName = Release;
		};
		E2990DF12B676AF000FBF23D /* Build configuration list for PBXNativeTarget "LTKLiteUITests" */ = {
			isa = XCConfigurationList;
			buildConfigurations = (
				E2990DF22B676AF000FBF23D /* Debug */,
				E2990DF32B676AF000FBF23D /* Release */,
			);
			defaultConfigurationIsVisible = 0;
			defaultConfigurationName = Release;
		};
/* End XCConfigurationList section */
	};
	rootObject = E2990DBF2B676AED00FBF23D /* Project object */;
}
